
Microsoft Visual Studio Solution File, Format Version 12.00
# Visual Studio Version 17
VisualStudioVersion = 17.1.32421.90
MinimumVisualStudioVersion = 10.0.40219.1
Project("{FAE04EC0-301F-11D3-BF4B-00C04F79EFBC}") = "GerenciamentoVendasProdutosClientes", "GerenciamentoVendasProdutosClientes\GerenciamentoVendasProdutosClientes.csproj", "{58B9FC7E-9236-47C5-8A70-D74C50C4434E}"
EndProject
Global
	GlobalSection(SolutionConfigurationPlatforms) = preSolution
		Debug|Any CPU = Debug|Any CPU
		Release|Any CPU = Release|Any CPU
	EndGlobalSection
	GlobalSection(ProjectConfigurationPlatforms) = postSolution
		{58B9FC7E-9236-47C5-8A70-D74C50C4434E}.Debug|Any CPU.ActiveCfg = Debug|Any CPU
		{58B9FC7E-9236-47C5-8A70-D74C50C4434E}.Debug|Any CPU.Build.0 = Debug|Any CPU
		{58B9FC7E-9236-47C5-8A70-D74C50C4434E}.Release|Any CPU.ActiveCfg = Release|Any CPU
		{58B9FC7E-9236-47C5-8A70-D74C50C4434E}.Release|Any CPU.Build.0 = Release|Any CPU
	EndGlobalSection
	GlobalSection(SolutionProperties) = preSolution
		HideSolutionNode = FALSE
	EndGlobalSection
	GlobalSection(ExtensibilityGlobals) = postSolution
		SolutionGuid = {5B3153D9-D519-4D5C-A320-9D52285F5367}
	EndGlobalSection
EndGlobal
